// !$*UTF8*$!
{
	archiveVersion = 1;
	classes = {
	};
	objectVersion = 46;
	objects = {

/* Begin PBXBuildFile section */
		C0095E741C30714F00C48D4C /* alec.png in Resources */ = {isa = PBXBuildFile; fileRef = C0095E731C30714F00C48D4C /* alec.png */; };
		C0095E761C361A9400C48D4C /* game.scnassets in Resources */ = {isa = PBXBuildFile; fileRef = C0095E751C361A9400C48D4C /* game.scnassets */; };
		C03D043A1C48B536009C33F2 /* LiftableObject.swift in Sources */ = {isa = PBXBuildFile; fileRef = C03D04391C48B536009C33F2 /* LiftableObject.swift */; };
		C04215881C2FA68B0006413C /* AppDelegate.swift in Sources */ = {isa = PBXBuildFile; fileRef = C04215871C2FA68B0006413C /* AppDelegate.swift */; };
		C042158A1C2FA68B0006413C /* art.scnassets in Resources */ = {isa = PBXBuildFile; fileRef = C04215891C2FA68B0006413C /* art.scnassets */; };
		C042158C1C2FA68B0006413C /* GameViewController.swift in Sources */ = {isa = PBXBuildFile; fileRef = C042158B1C2FA68B0006413C /* GameViewController.swift */; };
		C042158F1C2FA68B0006413C /* Main.storyboard in Resources */ = {isa = PBXBuildFile; fileRef = C042158D1C2FA68B0006413C /* Main.storyboard */; };
		C04215911C2FA68B0006413C /* Assets.xcassets in Resources */ = {isa = PBXBuildFile; fileRef = C04215901C2FA68B0006413C /* Assets.xcassets */; };
		C04215941C2FA68B0006413C /* LaunchScreen.storyboard in Resources */ = {isa = PBXBuildFile; fileRef = C04215921C2FA68B0006413C /* LaunchScreen.storyboard */; };
		C04215B81C2FA6A70006413C /* RoomViewController.swift in Sources */ = {isa = PBXBuildFile; fileRef = C04215B71C2FA6A70006413C /* RoomViewController.swift */; };
		C044A0D91C5F176E00E37938 /* Lifting.swift in Sources */ = {isa = PBXBuildFile; fileRef = C044A0D81C5F176E00E37938 /* Lifting.swift */; };
		C044A0DA1C5F177100E37938 /* Lifting.swift in Sources */ = {isa = PBXBuildFile; fileRef = C044A0D81C5F176E00E37938 /* Lifting.swift */; };
		C06653141C5556AE0028D091 /* Dropzone.swift in Sources */ = {isa = PBXBuildFile; fileRef = C06653131C5556AE0028D091 /* Dropzone.swift */; };
		C06653151C5556B50028D091 /* Dropzone.swift in Sources */ = {isa = PBXBuildFile; fileRef = C06653131C5556AE0028D091 /* Dropzone.swift */; };
		C06A1CC71C8CD7A800A4B2F9 /* CharacterActions.swift in Sources */ = {isa = PBXBuildFile; fileRef = C06A1CC61C8CD7A800A4B2F9 /* CharacterActions.swift */; };
		C06A1CC81C8CD7A800A4B2F9 /* CharacterActions.swift in Sources */ = {isa = PBXBuildFile; fileRef = C06A1CC61C8CD7A800A4B2F9 /* CharacterActions.swift */; };
		C074B0E21C39B6CE00EF4E76 /* Character.swift in Sources */ = {isa = PBXBuildFile; fileRef = C074B0E11C39B6CE00EF4E76 /* Character.swift */; };
		C074B0E41C39B92000EF4E76 /* SceneKitExtensions.swift in Sources */ = {isa = PBXBuildFile; fileRef = C074B0E31C39B92000EF4E76 /* SceneKitExtensions.swift */; };
		C074B0E61C39C3BF00EF4E76 /* RoomView.swift in Sources */ = {isa = PBXBuildFile; fileRef = C074B0E51C39C3BF00EF4E76 /* RoomView.swift */; };
		C074B0EC1C39E8AC00EF4E76 /* Controls.swift in Sources */ = {isa = PBXBuildFile; fileRef = C074B0EB1C39E8AC00EF4E76 /* Controls.swift */; };
		C075D7421C6F9B330016E091 /* Playground.swift in Sources */ = {isa = PBXBuildFile; fileRef = C075D7411C6F9B330016E091 /* Playground.swift */; };
		C075D7431C6F9B330016E091 /* Playground.swift in Sources */ = {isa = PBXBuildFile; fileRef = C075D7411C6F9B330016E091 /* Playground.swift */; };
		C09C12541C49B18B00D1DB6A /* AppDelegate.swift in Sources */ = {isa = PBXBuildFile; fileRef = C09C12531C49B18B00D1DB6A /* AppDelegate.swift */; };
		C09C12581C49B18B00D1DB6A /* Assets.xcassets in Resources */ = {isa = PBXBuildFile; fileRef = C09C12571C49B18B00D1DB6A /* Assets.xcassets */; };
		C09C125B1C49B18B00D1DB6A /* Main.storyboard in Resources */ = {isa = PBXBuildFile; fileRef = C09C12591C49B18B00D1DB6A /* Main.storyboard */; };
		C09C12601C49B1EA00D1DB6A /* RoomViewController.swift in Sources */ = {isa = PBXBuildFile; fileRef = C04215B71C2FA6A70006413C /* RoomViewController.swift */; };
		C09C12611C49B1EE00D1DB6A /* RoomView.swift in Sources */ = {isa = PBXBuildFile; fileRef = C074B0E51C39C3BF00EF4E76 /* RoomView.swift */; };
		C09C12621C49B1F800D1DB6A /* game.scnassets in Resources */ = {isa = PBXBuildFile; fileRef = C0095E751C361A9400C48D4C /* game.scnassets */; };
		C09C12631C49B20700D1DB6A /* LiftableObject.swift in Sources */ = {isa = PBXBuildFile; fileRef = C03D04391C48B536009C33F2 /* LiftableObject.swift */; };
		C09C12641C49B20700D1DB6A /* Controls.swift in Sources */ = {isa = PBXBuildFile; fileRef = C074B0EB1C39E8AC00EF4E76 /* Controls.swift */; };
		C09C12651C49B20700D1DB6A /* Character.swift in Sources */ = {isa = PBXBuildFile; fileRef = C074B0E11C39B6CE00EF4E76 /* Character.swift */; };
		C09C12661C49B20700D1DB6A /* SceneKitExtensions.swift in Sources */ = {isa = PBXBuildFile; fileRef = C074B0E31C39B92000EF4E76 /* SceneKitExtensions.swift */; };
		C09C12671C49B32F00D1DB6A /* art.scnassets in Resources */ = {isa = PBXBuildFile; fileRef = C04215891C2FA68B0006413C /* art.scnassets */; };
		C09DCA9A1C713F3500F4DD30 /* Washroom.swift in Sources */ = {isa = PBXBuildFile; fileRef = C09DCA991C713F3500F4DD30 /* Washroom.swift */; };
		C09DCA9B1C713F3500F4DD30 /* Washroom.swift in Sources */ = {isa = PBXBuildFile; fileRef = C09DCA991C713F3500F4DD30 /* Washroom.swift */; };
		C0A3AD5F1C87F5C00068075E /* Character.scnassets in Resources */ = {isa = PBXBuildFile; fileRef = C0A3AD5E1C87F5C00068075E /* Character.scnassets */; };
		C0A3AD601C87F5C00068075E /* Character.scnassets in Resources */ = {isa = PBXBuildFile; fileRef = C0A3AD5E1C87F5C00068075E /* Character.scnassets */; };
		C0A46BA51C7E97AB00B85414 /* Props.swift in Sources */ = {isa = PBXBuildFile; fileRef = C0A46BA41C7E97AB00B85414 /* Props.swift */; };
		C0A46BA61C7E97AB00B85414 /* Props.swift in Sources */ = {isa = PBXBuildFile; fileRef = C0A46BA41C7E97AB00B85414 /* Props.swift */; };
		C0B17D321C630E61005259F6 /* CleanKit.scnassets in Resources */ = {isa = PBXBuildFile; fileRef = C0B17D311C630E61005259F6 /* CleanKit.scnassets */; };
		C0B17D331C630E61005259F6 /* CleanKit.scnassets in Resources */ = {isa = PBXBuildFile; fileRef = C0B17D311C630E61005259F6 /* CleanKit.scnassets */; };
		C0BE88101C7A3C0500B43860 /* Colors.swift in Sources */ = {isa = PBXBuildFile; fileRef = C0FAB7481C758B74004102A8 /* Colors.swift */; };
		C0FAB7491C758B74004102A8 /* Colors.swift in Sources */ = {isa = PBXBuildFile; fileRef = C0FAB7481C758B74004102A8 /* Colors.swift */; };
/* End PBXBuildFile section */

/* Begin PBXFileReference section */
		C0095E731C30714F00C48D4C /* alec.png */ = {isa = PBXFileReference; lastKnownFileType = image.png; path = alec.png; sourceTree = "<group>"; };
		C0095E751C361A9400C48D4C /* game.scnassets */ = {isa = PBXFileReference; lastKnownFileType = wrapper.scnassets; path = game.scnassets; sourceTree = "<group>"; };
		C03D04391C48B536009C33F2 /* LiftableObject.swift */ = {isa = PBXFileReference; fileEncoding = 4; lastKnownFileType = sourcecode.swift; name = LiftableObject.swift; path = Classes/LiftableObject.swift; sourceTree = "<group>"; };
		C04215841C2FA68B0006413C /* Clean iOS.app */ = {isa = PBXFileReference; explicitFileType = wrapper.application; includeInIndex = 0; path = "Clean iOS.app"; sourceTree = BUILT_PRODUCTS_DIR; };
		C04215871C2FA68B0006413C /* AppDelegate.swift */ = {isa = PBXFileReference; lastKnownFileType = sourcecode.swift; path = AppDelegate.swift; sourceTree = "<group>"; };
		C04215891C2FA68B0006413C /* art.scnassets */ = {isa = PBXFileReference; lastKnownFileType = wrapper.scnassets; path = art.scnassets; sourceTree = "<group>"; };
		C042158B1C2FA68B0006413C /* GameViewController.swift */ = {isa = PBXFileReference; lastKnownFileType = sourcecode.swift; path = GameViewController.swift; sourceTree = "<group>"; };
		C042158E1C2FA68B0006413C /* Base */ = {isa = PBXFileReference; lastKnownFileType = file.storyboard; name = Base; path = Base.lproj/Main.storyboard; sourceTree = "<group>"; };
		C04215901C2FA68B0006413C /* Assets.xcassets */ = {isa = PBXFileReference; lastKnownFileType = folder.assetcatalog; path = Assets.xcassets; sourceTree = "<group>"; };
		C04215931C2FA68B0006413C /* Base */ = {isa = PBXFileReference; lastKnownFileType = file.storyboard; name = Base; path = Base.lproj/LaunchScreen.storyboard; sourceTree = "<group>"; };
		C04215951C2FA68B0006413C /* Info.plist */ = {isa = PBXFileReference; lastKnownFileType = text.plist.xml; path = Info.plist; sourceTree = "<group>"; };
		C042159E1C2FA68B0006413C /* cleanTests.swift */ = {isa = PBXFileReference; lastKnownFileType = sourcecode.swift; path = cleanTests.swift; sourceTree = "<group>"; };
		C04215A01C2FA68B0006413C /* Info.plist */ = {isa = PBXFileReference; lastKnownFileType = text.plist.xml; path = Info.plist; sourceTree = "<group>"; };
		C04215A91C2FA68B0006413C /* cleanUITests.swift */ = {isa = PBXFileReference; lastKnownFileType = sourcecode.swift; path = cleanUITests.swift; sourceTree = "<group>"; };
		C04215AB1C2FA68B0006413C /* Info.plist */ = {isa = PBXFileReference; lastKnownFileType = text.plist.xml; path = Info.plist; sourceTree = "<group>"; };
		C04215B71C2FA6A70006413C /* RoomViewController.swift */ = {isa = PBXFileReference; fileEncoding = 4; lastKnownFileType = sourcecode.swift; name = RoomViewController.swift; path = Classes/RoomViewController.swift; sourceTree = "<group>"; };
		C044A0D81C5F176E00E37938 /* Lifting.swift */ = {isa = PBXFileReference; fileEncoding = 4; lastKnownFileType = sourcecode.swift; name = Lifting.swift; path = Classes/Lifting.swift; sourceTree = "<group>"; };
		C06653131C5556AE0028D091 /* Dropzone.swift */ = {isa = PBXFileReference; fileEncoding = 4; lastKnownFileType = sourcecode.swift; name = Dropzone.swift; path = Classes/Dropzone.swift; sourceTree = "<group>"; };
		C06A1CC61C8CD7A800A4B2F9 /* CharacterActions.swift */ = {isa = PBXFileReference; fileEncoding = 4; lastKnownFileType = sourcecode.swift; name = CharacterActions.swift; path = Classes/CharacterActions.swift; sourceTree = "<group>"; };
		C074B0E11C39B6CE00EF4E76 /* Character.swift */ = {isa = PBXFileReference; fileEncoding = 4; lastKnownFileType = sourcecode.swift; name = Character.swift; path = Classes/Character.swift; sourceTree = "<group>"; };
		C074B0E31C39B92000EF4E76 /* SceneKitExtensions.swift */ = {isa = PBXFileReference; fileEncoding = 4; lastKnownFileType = sourcecode.swift; name = SceneKitExtensions.swift; path = Classes/SceneKitExtensions.swift; sourceTree = "<group>"; };
		C074B0E51C39C3BF00EF4E76 /* RoomView.swift */ = {isa = PBXFileReference; fileEncoding = 4; lastKnownFileType = sourcecode.swift; name = RoomView.swift; path = Classes/RoomView.swift; sourceTree = "<group>"; };
		C074B0EB1C39E8AC00EF4E76 /* Controls.swift */ = {isa = PBXFileReference; fileEncoding = 4; lastKnownFileType = sourcecode.swift; name = Controls.swift; path = Classes/Controls.swift; sourceTree = "<group>"; };
		C075D7411C6F9B330016E091 /* Playground.swift */ = {isa = PBXFileReference; fileEncoding = 4; lastKnownFileType = sourcecode.swift; name = Playground.swift; path = Classes/Playground.swift; sourceTree = "<group>"; };
		C09C12511C49B18B00D1DB6A /* Clean OSX.app */ = {isa = PBXFileReference; explicitFileType = wrapper.application; includeInIndex = 0; path = "Clean OSX.app"; sourceTree = BUILT_PRODUCTS_DIR; };
		C09C12531C49B18B00D1DB6A /* AppDelegate.swift */ = {isa = PBXFileReference; lastKnownFileType = sourcecode.swift; path = AppDelegate.swift; sourceTree = "<group>"; };
		C09C12571C49B18B00D1DB6A /* Assets.xcassets */ = {isa = PBXFileReference; lastKnownFileType = folder.assetcatalog; path = Assets.xcassets; sourceTree = "<group>"; };
		C09C125A1C49B18B00D1DB6A /* Base */ = {isa = PBXFileReference; lastKnownFileType = file.storyboard; name = Base; path = Base.lproj/Main.storyboard; sourceTree = "<group>"; };
		C09C125C1C49B18B00D1DB6A /* Info.plist */ = {isa = PBXFileReference; lastKnownFileType = text.plist.xml; path = Info.plist; sourceTree = "<group>"; };
		C09DCA991C713F3500F4DD30 /* Washroom.swift */ = {isa = PBXFileReference; fileEncoding = 4; lastKnownFileType = sourcecode.swift; name = Washroom.swift; path = Classes/Washroom.swift; sourceTree = "<group>"; };
		C0A3AD5E1C87F5C00068075E /* Character.scnassets */ = {isa = PBXFileReference; lastKnownFileType = wrapper.scnassets; path = Character.scnassets; sourceTree = "<group>"; };
		C0A46BA41C7E97AB00B85414 /* Props.swift */ = {isa = PBXFileReference; fileEncoding = 4; lastKnownFileType = sourcecode.swift; name = Props.swift; path = Classes/Props.swift; sourceTree = "<group>"; };
		C0B17D311C630E61005259F6 /* CleanKit.scnassets */ = {isa = PBXFileReference; lastKnownFileType = wrapper.scnassets; path = CleanKit.scnassets; sourceTree = "<group>"; };
		C0FAB7481C758B74004102A8 /* Colors.swift */ = {isa = PBXFileReference; fileEncoding = 4; lastKnownFileType = sourcecode.swift; name = Colors.swift; path = Classes/Colors.swift; sourceTree = "<group>"; };
/* End PBXFileReference section */

/* Begin PBXFrameworksBuildPhase section */
		C04215811C2FA68B0006413C /* Frameworks */ = {
			isa = PBXFrameworksBuildPhase;
			buildActionMask = 2147483647;
			files = (
			);
			runOnlyForDeploymentPostprocessing = 0;
		};
		C09C124E1C49B18B00D1DB6A /* Frameworks */ = {
			isa = PBXFrameworksBuildPhase;
			buildActionMask = 2147483647;
			files = (
			);
			runOnlyForDeploymentPostprocessing = 0;
		};
/* End PBXFrameworksBuildPhase section */

/* Begin PBXGroup section */
		C042157B1C2FA68A0006413C = {
			isa = PBXGroup;
			children = (
				C04215861C2FA68B0006413C /* clean */,
				C042159D1C2FA68B0006413C /* cleanTests */,
				C04215A81C2FA68B0006413C /* cleanUITests */,
				C09C12521C49B18B00D1DB6A /* Clean OSX */,
				C04215851C2FA68B0006413C /* Products */,
			);
			sourceTree = "<group>";
		};
		C04215851C2FA68B0006413C /* Products */ = {
			isa = PBXGroup;
			children = (
				C04215841C2FA68B0006413C /* Clean iOS.app */,
				C09C12511C49B18B00D1DB6A /* Clean OSX.app */,
			);
			name = Products;
			sourceTree = "<group>";
		};
		C04215861C2FA68B0006413C /* clean */ = {
			isa = PBXGroup;
			children = (
				C04215871C2FA68B0006413C /* AppDelegate.swift */,
				C0A3AD5E1C87F5C00068075E /* Character.scnassets */,
				C0B17D311C630E61005259F6 /* CleanKit.scnassets */,
				C0095E751C361A9400C48D4C /* game.scnassets */,
				C04215891C2FA68B0006413C /* art.scnassets */,
				C042158B1C2FA68B0006413C /* GameViewController.swift */,
				C04215B91C2FAA020006413C /* Shared */,
				C042158D1C2FA68B0006413C /* Main.storyboard */,
				C0095E731C30714F00C48D4C /* alec.png */,
				C04215901C2FA68B0006413C /* Assets.xcassets */,
				C04215921C2FA68B0006413C /* LaunchScreen.storyboard */,
				C04215951C2FA68B0006413C /* Info.plist */,
			);
			path = clean;
			sourceTree = "<group>";
		};
		C042159D1C2FA68B0006413C /* cleanTests */ = {
			isa = PBXGroup;
			children = (
				C042159E1C2FA68B0006413C /* cleanTests.swift */,
				C04215A01C2FA68B0006413C /* Info.plist */,
			);
			path = cleanTests;
			sourceTree = "<group>";
		};
		C04215A81C2FA68B0006413C /* cleanUITests */ = {
			isa = PBXGroup;
			children = (
				C04215A91C2FA68B0006413C /* cleanUITests.swift */,
				C04215AB1C2FA68B0006413C /* Info.plist */,
			);
			path = cleanUITests;
			sourceTree = "<group>";
		};
		C04215B91C2FAA020006413C /* Shared */ = {
			isa = PBXGroup;
			children = (
				C04215B71C2FA6A70006413C /* RoomViewController.swift */,
				C074B0EB1C39E8AC00EF4E76 /* Controls.swift */,
				C074B0E51C39C3BF00EF4E76 /* RoomView.swift */,
				C0FAB7481C758B74004102A8 /* Colors.swift */,
				C0A46BA31C7E966E00B85414 /* Props */,
				C075D7441C6F9B360016E091 /* Scenes */,
				C044A0DB1C5F177600E37938 /* Character */,
				C074B0E31C39B92000EF4E76 /* SceneKitExtensions.swift */,
			);
			name = Shared;
			sourceTree = "<group>";
		};
		C044A0DB1C5F177600E37938 /* Character */ = {
			isa = PBXGroup;
			children = (
				C06653131C5556AE0028D091 /* Dropzone.swift */,
				C074B0E11C39B6CE00EF4E76 /* Character.swift */,
				C06A1CC61C8CD7A800A4B2F9 /* CharacterActions.swift */,
				C044A0D81C5F176E00E37938 /* Lifting.swift */,
			);
			name = Character;
			sourceTree = "<group>";
		};
		C075D7441C6F9B360016E091 /* Scenes */ = {
			isa = PBXGroup;
			children = (
				C075D7411C6F9B330016E091 /* Playground.swift */,
				C09DCA991C713F3500F4DD30 /* Washroom.swift */,
			);
			name = Scenes;
			sourceTree = "<group>";
		};
		C09C12521C49B18B00D1DB6A /* Clean OSX */ = {
			isa = PBXGroup;
			children = (
				C09C12531C49B18B00D1DB6A /* AppDelegate.swift */,
				C09C12571C49B18B00D1DB6A /* Assets.xcassets */,
				C09C12591C49B18B00D1DB6A /* Main.storyboard */,
				C09C125C1C49B18B00D1DB6A /* Info.plist */,
			);
			path = "Clean OSX";
			sourceTree = "<group>";
		};
		C0A46BA31C7E966E00B85414 /* Props */ = {
			isa = PBXGroup;
			children = (
				C03D04391C48B536009C33F2 /* LiftableObject.swift */,
				C0A46BA41C7E97AB00B85414 /* Props.swift */,
			);
			name = Props;
			sourceTree = "<group>";
		};
/* End PBXGroup section */

/* Begin PBXNativeTarget section */
		C04215831C2FA68B0006413C /* Clean iOS */ = {
			isa = PBXNativeTarget;
			buildConfigurationList = C04215AE1C2FA68B0006413C /* Build configuration list for PBXNativeTarget "Clean iOS" */;
			buildPhases = (
				C04215801C2FA68B0006413C /* Sources */,
				C04215811C2FA68B0006413C /* Frameworks */,
				C04215821C2FA68B0006413C /* Resources */,
			);
			buildRules = (
			);
			dependencies = (
			);
			name = "Clean iOS";
			productName = clean;
			productReference = C04215841C2FA68B0006413C /* Clean iOS.app */;
			productType = "com.apple.product-type.application";
		};
		C09C12501C49B18B00D1DB6A /* Clean OSX */ = {
			isa = PBXNativeTarget;
			buildConfigurationList = C09C125F1C49B18B00D1DB6A /* Build configuration list for PBXNativeTarget "Clean OSX" */;
			buildPhases = (
				C09C124D1C49B18B00D1DB6A /* Sources */,
				C09C124E1C49B18B00D1DB6A /* Frameworks */,
				C09C124F1C49B18B00D1DB6A /* Resources */,
			);
			buildRules = (
			);
			dependencies = (
			);
			name = "Clean OSX";
			productName = "Clean OSX";
			productReference = C09C12511C49B18B00D1DB6A /* Clean OSX.app */;
			productType = "com.apple.product-type.application";
		};
/* End PBXNativeTarget section */

/* Begin PBXProject section */
		C042157C1C2FA68A0006413C /* Project object */ = {
			isa = PBXProject;
			attributes = {
				LastSwiftUpdateCheck = 0720;
				LastUpgradeCheck = 0720;
				ORGANIZATIONNAME = Gabrieloc;
				TargetAttributes = {
					C04215831C2FA68B0006413C = {
						CreatedOnToolsVersion = 7.2;
					};
					C09C12501C49B18B00D1DB6A = {
						CreatedOnToolsVersion = 7.2;
					};
				};
			};
			buildConfigurationList = C042157F1C2FA68A0006413C /* Build configuration list for PBXProject "clean" */;
			compatibilityVersion = "Xcode 3.2";
			developmentRegion = English;
			hasScannedForEncodings = 0;
			knownRegions = (
				en,
				Base,
			);
			mainGroup = C042157B1C2FA68A0006413C;
			productRefGroup = C04215851C2FA68B0006413C /* Products */;
			projectDirPath = "";
			projectRoot = "";
			targets = (
				C04215831C2FA68B0006413C /* Clean iOS */,
				C09C12501C49B18B00D1DB6A /* Clean OSX */,
			);
		};
/* End PBXProject section */

/* Begin PBXResourcesBuildPhase section */
		C04215821C2FA68B0006413C /* Resources */ = {
			isa = PBXResourcesBuildPhase;
			buildActionMask = 2147483647;
			files = (
				C042158A1C2FA68B0006413C /* art.scnassets in Resources */,
				C0095E741C30714F00C48D4C /* alec.png in Resources */,
				C04215941C2FA68B0006413C /* LaunchScreen.storyboard in Resources */,
				C0095E761C361A9400C48D4C /* game.scnassets in Resources */,
				C0B17D321C630E61005259F6 /* CleanKit.scnassets in Resources */,
				C0A3AD5F1C87F5C00068075E /* Character.scnassets in Resources */,
				C04215911C2FA68B0006413C /* Assets.xcassets in Resources */,
				C042158F1C2FA68B0006413C /* Main.storyboard in Resources */,
			);
			runOnlyForDeploymentPostprocessing = 0;
		};
		C09C124F1C49B18B00D1DB6A /* Resources */ = {
			isa = PBXResourcesBuildPhase;
			buildActionMask = 2147483647;
			files = (
				C09C12581C49B18B00D1DB6A /* Assets.xcassets in Resources */,
				C09C12671C49B32F00D1DB6A /* art.scnassets in Resources */,
				C0B17D331C630E61005259F6 /* CleanKit.scnassets in Resources */,
				C09C125B1C49B18B00D1DB6A /* Main.storyboard in Resources */,
				C09C12621C49B1F800D1DB6A /* game.scnassets in Resources */,
				C0A3AD601C87F5C00068075E /* Character.scnassets in Resources */,
			);
			runOnlyForDeploymentPostprocessing = 0;
		};
/* End PBXResourcesBuildPhase section */

/* Begin PBXSourcesBuildPhase section */
		C04215801C2FA68B0006413C /* Sources */ = {
			isa = PBXSourcesBuildPhase;
			buildActionMask = 2147483647;
			files = (
				C0A46BA51C7E97AB00B85414 /* Props.swift in Sources */,
				C074B0E61C39C3BF00EF4E76 /* RoomView.swift in Sources */,
				C03D043A1C48B536009C33F2 /* LiftableObject.swift in Sources */,
				C04215B81C2FA6A70006413C /* RoomViewController.swift in Sources */,
				C075D7421C6F9B330016E091 /* Playground.swift in Sources */,
				C042158C1C2FA68B0006413C /* GameViewController.swift in Sources */,
				C09DCA9A1C713F3500F4DD30 /* Washroom.swift in Sources */,
				C074B0E21C39B6CE00EF4E76 /* Character.swift in Sources */,
				C06653141C5556AE0028D091 /* Dropzone.swift in Sources */,
				C06A1CC71C8CD7A800A4B2F9 /* CharacterActions.swift in Sources */,
				C0FAB7491C758B74004102A8 /* Colors.swift in Sources */,
				C074B0E41C39B92000EF4E76 /* SceneKitExtensions.swift in Sources */,
				C074B0EC1C39E8AC00EF4E76 /* Controls.swift in Sources */,
				C04215881C2FA68B0006413C /* AppDelegate.swift in Sources */,
				C044A0D91C5F176E00E37938 /* Lifting.swift in Sources */,
			);
			runOnlyForDeploymentPostprocessing = 0;
		};
		C09C124D1C49B18B00D1DB6A /* Sources */ = {
			isa = PBXSourcesBuildPhase;
			buildActionMask = 2147483647;
			files = (
				C09C12601C49B1EA00D1DB6A /* RoomViewController.swift in Sources */,
				C06A1CC81C8CD7A800A4B2F9 /* CharacterActions.swift in Sources */,
				C0A46BA61C7E97AB00B85414 /* Props.swift in Sources */,
				C0BE88101C7A3C0500B43860 /* Colors.swift in Sources */,
				C09DCA9B1C713F3500F4DD30 /* Washroom.swift in Sources */,
				C09C12631C49B20700D1DB6A /* LiftableObject.swift in Sources */,
				C06653151C5556B50028D091 /* Dropzone.swift in Sources */,
				C044A0DA1C5F177100E37938 /* Lifting.swift in Sources */,
				C09C12641C49B20700D1DB6A /* Controls.swift in Sources */,
				C09C12611C49B1EE00D1DB6A /* RoomView.swift in Sources */,
				C075D7431C6F9B330016E091 /* Playground.swift in Sources */,
				C09C12651C49B20700D1DB6A /* Character.swift in Sources */,
				C09C12661C49B20700D1DB6A /* SceneKitExtensions.swift in Sources */,
				C09C12541C49B18B00D1DB6A /* AppDelegate.swift in Sources */,
			);
			runOnlyForDeploymentPostprocessing = 0;
		};
/* End PBXSourcesBuildPhase section */

/* Begin PBXVariantGroup section */
		C042158D1C2FA68B0006413C /* Main.storyboard */ = {
			isa = PBXVariantGroup;
			children = (
				C042158E1C2FA68B0006413C /* Base */,
			);
			name = Main.storyboard;
			sourceTree = "<group>";
		};
		C04215921C2FA68B0006413C /* LaunchScreen.storyboard */ = {
			isa = PBXVariantGroup;
			children = (
				C04215931C2FA68B0006413C /* Base */,
			);
			name = LaunchScreen.storyboard;
			sourceTree = "<group>";
		};
		C09C12591C49B18B00D1DB6A /* Main.storyboard */ = {
			isa = PBXVariantGroup;
			children = (
				C09C125A1C49B18B00D1DB6A /* Base */,
			);
			name = Main.storyboard;
			sourceTree = "<group>";
		};
/* End PBXVariantGroup section */

/* Begin XCBuildConfiguration section */
		C04215AC1C2FA68B0006413C /* Debug */ = {
			isa = XCBuildConfiguration;
			buildSettings = {
				ALWAYS_SEARCH_USER_PATHS = NO;
				CLANG_CXX_LANGUAGE_STANDARD = "gnu++0x";
				CLANG_CXX_LIBRARY = "libc++";
				CLANG_ENABLE_MODULES = YES;
				CLANG_ENABLE_OBJC_ARC = YES;
				CLANG_WARN_BOOL_CONVERSION = YES;
				CLANG_WARN_CONSTANT_CONVERSION = YES;
				CLANG_WARN_DIRECT_OBJC_ISA_USAGE = YES_ERROR;
				CLANG_WARN_EMPTY_BODY = YES;
				CLANG_WARN_ENUM_CONVERSION = YES;
				CLANG_WARN_INT_CONVERSION = YES;
				CLANG_WARN_OBJC_ROOT_CLASS = YES_ERROR;
				CLANG_WARN_UNREACHABLE_CODE = YES;
				CLANG_WARN__DUPLICATE_METHOD_MATCH = YES;
				"CODE_SIGN_IDENTITY[sdk=iphoneos*]" = "iPhone Developer";
				COPY_PHASE_STRIP = NO;
				DEBUG_INFORMATION_FORMAT = "dwarf-with-dsym";
				ENABLE_STRICT_OBJC_MSGSEND = YES;
				ENABLE_TESTABILITY = YES;
				GCC_C_LANGUAGE_STANDARD = gnu99;
				GCC_DYNAMIC_NO_PIC = NO;
				GCC_NO_COMMON_BLOCKS = YES;
				GCC_OPTIMIZATION_LEVEL = 0;
				GCC_PREPROCESSOR_DEFINITIONS = (
					"DEBUG=1",
					"$(inherited)",
				);
				GCC_WARN_64_TO_32_BIT_CONVERSION = YES;
				GCC_WARN_ABOUT_RETURN_TYPE = YES_ERROR;
				GCC_WARN_UNDECLARED_SELECTOR = YES;
				GCC_WARN_UNINITIALIZED_AUTOS = YES_AGGRESSIVE;
				GCC_WARN_UNUSED_FUNCTION = YES;
				GCC_WARN_UNUSED_VARIABLE = YES;
				IPHONEOS_DEPLOYMENT_TARGET = 9.2;
				MTL_ENABLE_DEBUG_INFO = YES;
				ONLY_ACTIVE_ARCH = YES;
				SDKROOT = iphoneos;
				SWIFT_OPTIMIZATION_LEVEL = "-Onone";
				TARGETED_DEVICE_FAMILY = "1,2";
			};
			name = Debug;
		};
		C04215AD1C2FA68B0006413C /* Release */ = {
			isa = XCBuildConfiguration;
			buildSettings = {
				ALWAYS_SEARCH_USER_PATHS = NO;
				CLANG_CXX_LANGUAGE_STANDARD = "gnu++0x";
				CLANG_CXX_LIBRARY = "libc++";
				CLANG_ENABLE_MODULES = YES;
				CLANG_ENABLE_OBJC_ARC = YES;
				CLANG_WARN_BOOL_CONVERSION = YES;
				CLANG_WARN_CONSTANT_CONVERSION = YES;
				CLANG_WARN_DIRECT_OBJC_ISA_USAGE = YES_ERROR;
				CLANG_WARN_EMPTY_BODY = YES;
				CLANG_WARN_ENUM_CONVERSION = YES;
				CLANG_WARN_INT_CONVERSION = YES;
				CLANG_WARN_OBJC_ROOT_CLASS = YES_ERROR;
				CLANG_WARN_UNREACHABLE_CODE = YES;
				CLANG_WARN__DUPLICATE_METHOD_MATCH = YES;
				"CODE_SIGN_IDENTITY[sdk=iphoneos*]" = "iPhone Developer";
				COPY_PHASE_STRIP = NO;
				DEBUG_INFORMATION_FORMAT = "dwarf-with-dsym";
				ENABLE_NS_ASSERTIONS = NO;
				ENABLE_STRICT_OBJC_MSGSEND = YES;
				GCC_C_LANGUAGE_STANDARD = gnu99;
				GCC_NO_COMMON_BLOCKS = YES;
				GCC_WARN_64_TO_32_BIT_CONVERSION = YES;
				GCC_WARN_ABOUT_RETURN_TYPE = YES_ERROR;
				GCC_WARN_UNDECLARED_SELECTOR = YES;
				GCC_WARN_UNINITIALIZED_AUTOS = YES_AGGRESSIVE;
				GCC_WARN_UNUSED_FUNCTION = YES;
				GCC_WARN_UNUSED_VARIABLE = YES;
				IPHONEOS_DEPLOYMENT_TARGET = 9.2;
				MTL_ENABLE_DEBUG_INFO = NO;
				SDKROOT = iphoneos;
				TARGETED_DEVICE_FAMILY = "1,2";
				VALIDATE_PRODUCT = YES;
			};
			name = Release;
		};
		C04215AF1C2FA68B0006413C /* Debug */ = {
			isa = XCBuildConfiguration;
			buildSettings = {
				ASSETCATALOG_COMPILER_APPICON_NAME = AppIcon;
				INFOPLIST_FILE = clean/Info.plist;
				LD_RUNPATH_SEARCH_PATHS = "$(inherited) @executable_path/Frameworks";
				PRODUCT_BUNDLE_IDENTIFIER = com.gabrieloc.clean;
				PRODUCT_NAME = "$(TARGET_NAME)";
			};
			name = Debug;
		};
		C04215B01C2FA68B0006413C /* Release */ = {
			isa = XCBuildConfiguration;
			buildSettings = {
				ASSETCATALOG_COMPILER_APPICON_NAME = AppIcon;
				INFOPLIST_FILE = clean/Info.plist;
				LD_RUNPATH_SEARCH_PATHS = "$(inherited) @executable_path/Frameworks";
				PRODUCT_BUNDLE_IDENTIFIER = com.gabrieloc.clean;
				PRODUCT_NAME = "$(TARGET_NAME)";
			};
			name = Release;
		};
		C09C125D1C49B18B00D1DB6A /* Debug */ = {
			isa = XCBuildConfiguration;
			buildSettings = {
				ASSETCATALOG_COMPILER_APPICON_NAME = AppIcon;
				CODE_SIGN_IDENTITY = "-";
				COMBINE_HIDPI_IMAGES = YES;
				DEBUG_INFORMATION_FORMAT = dwarf;
				INFOPLIST_FILE = "Clean OSX/Info.plist";
				LD_RUNPATH_SEARCH_PATHS = "$(inherited) @executable_path/../Frameworks";
				MACOSX_DEPLOYMENT_TARGET = 10.11;
				PRODUCT_BUNDLE_IDENTIFIER = "com.gabrieloc.Clean-OSX";
				PRODUCT_NAME = "$(TARGET_NAME)";
				SDKROOT = macosx;
			};
			name = Debug;
		};
		C09C125E1C49B18B00D1DB6A /* Release */ = {
			isa = XCBuildConfiguration;
			buildSettings = {
				ASSETCATALOG_COMPILER_APPICON_NAME = AppIcon;
				CODE_SIGN_IDENTITY = "-";
				COMBINE_HIDPI_IMAGES = YES;
				INFOPLIST_FILE = "Clean OSX/Info.plist";
				LD_RUNPATH_SEARCH_PATHS = "$(inherited) @executable_path/../Frameworks";
				MACOSX_DEPLOYMENT_TARGET = 10.11;
				PRODUCT_BUNDLE_IDENTIFIER = "com.gabrieloc.Clean-OSX";
				PRODUCT_NAME = "$(TARGET_NAME)";
				SDKROOT = macosx;
			};
			name = Release;
		};
/* End XCBuildConfiguration section */

/* Begin XCConfigurationList section */
		C042157F1C2FA68A0006413C /* Build configuration list for PBXProject "clean" */ = {
			isa = XCConfigurationList;
			buildConfigurations = (
				C04215AC1C2FA68B0006413C /* Debug */,
				C04215AD1C2FA68B0006413C /* Release */,
			);
			defaultConfigurationIsVisible = 0;
			defaultConfigurationName = Release;
		};
		C04215AE1C2FA68B0006413C /* Build configuration list for PBXNativeTarget "Clean iOS" */ = {
			isa = XCConfigurationList;
			buildConfigurations = (
				C04215AF1C2FA68B0006413C /* Debug */,
				C04215B01C2FA68B0006413C /* Release */,
			);
			defaultConfigurationIsVisible = 0;
			defaultConfigurationName = Release;
		};
		C09C125F1C49B18B00D1DB6A /* Build configuration list for PBXNativeTarget "Clean OSX" */ = {
			isa = XCConfigurationList;
			buildConfigurations = (
				C09C125D1C49B18B00D1DB6A /* Debug */,
				C09C125E1C49B18B00D1DB6A /* Release */,
			);
			defaultConfigurationIsVisible = 0;
			defaultConfigurationName = Release;
		};
/* End XCConfigurationList section */
	};
	rootObject = C042157C1C2FA68A0006413C /* Project object */;
}
